{
  "originHash" : "e2f674ce6c8ad2880e7ae6ff3417c8f333ff8716d5316c88bf6a53cb7c26ab29",
  "pins" : [
    {
      "identity" : "issoundadditions",
      "kind" : "remoteSourceControl",
      "location" : "https://github.com/InerziaSoft/ISSoundAdditions",
      "state" : {
        "branch" : "master",
        "revision" : "4b555f0354e6c280917bae8a598a258efe87ab98"
      }
    },
    {
      "identity" : "swift-protobuf",
      "kind" : "remoteSourceControl",
      "location" : "https://github.com/apple/swift-protobuf.git",
      "state" : {
        "revision" : "9f0c76544701845ad98716f3f6a774a892152bcb",
        "version" : "1.26.0"
      }
    }
  ],
  "version" : 3
}
