{
  "originHash" : "22337febb6b3dce4ec77ca27093fc85d2301aad79f9f3f5f4eec31c89ad3bc51",
  "pins" : [
    {
      "identity" : "issoundadditions",
      "kind" : "remoteSourceControl",
      "location" : "https://github.com/InerziaSoft/ISSoundAdditions",
      "state" : {
        "branch" : "master",
        "revision" : "4b555f0354e6c280917bae8a598a258efe87ab98"
      }
    },
    {
      "identity" : "swift-protobuf",
      "kind" : "remoteSourceControl",
      "location" : "https://github.com/apple/swift-protobuf.git",
      "state" : {
        "revision" : "9f0c76544701845ad98716f3f6a774a892152bcb",
        "version" : "1.26.0"
      }
    }
  ],
  "version" : 3
}
