// !$*UTF8*$!
{
	archiveVersion = 1;
	classes = {
	};
	objectVersion = 56;
	objects = {

/* Begin PBXBuildFile section */
		072EFC592C95C2C100BAF61B /* RFCommChannel.swift in Sources */ = {isa = PBXBuildFile; fileRef = 072EFC582C95C2C100BAF61B /* RFCommChannel.swift */; };
		072EFC5D2C96184900BAF61B /* AppDelegate.swift in Sources */ = {isa = PBXBuildFile; fileRef = 072EFC5C2C96184800BAF61B /* AppDelegate.swift */; };
		0743CF362BE6B72C009D356D /* ISSoundAdditions in Frameworks */ = {isa = PBXBuildFile; productRef = 0743CF352BE6B72C009D356D /* ISSoundAdditions */; };
		076117B72A44297300940D9C /* Constants.swift in Sources */ = {isa = PBXBuildFile; fileRef = 076117B62A44297300940D9C /* Constants.swift */; };
		0762700B2C97378200950627 /* Passover.icns in Resources */ = {isa = PBXBuildFile; fileRef = 0762700A2C97378200950627 /* Passover.icns */; };
		0762C2582C2844F40077A8B6 /* Message.pb.swift in Sources */ = {isa = PBXBuildFile; fileRef = 0762C2562C2844F40077A8B6 /* Message.pb.swift */; };
		0762C25B2C2846530077A8B6 /* SwiftProtobuf in Frameworks */ = {isa = PBXBuildFile; productRef = 0762C25A2C2846530077A8B6 /* SwiftProtobuf */; };
		0762C25D2C2846530077A8B6 /* SwiftProtobufPluginLibrary in Frameworks */ = {isa = PBXBuildFile; productRef = 0762C25C2C2846530077A8B6 /* SwiftProtobufPluginLibrary */; };
		0762C25F2C2846530077A8B6 /* protoc-gen-swift in Frameworks */ = {isa = PBXBuildFile; productRef = 0762C25E2C2846530077A8B6 /* protoc-gen-swift */; };
		078EFF6E2C834E6E003312D0 /* InquiryDelegate.swift in Sources */ = {isa = PBXBuildFile; fileRef = 078EFF6D2C834E6E003312D0 /* InquiryDelegate.swift */; };
		078EFF742C834F2A003312D0 /* HandsfreeDelegate.swift in Sources */ = {isa = PBXBuildFile; fileRef = 078EFF732C834F2A003312D0 /* HandsfreeDelegate.swift */; };
		078EFF772C834F81003312D0 /* ClipboadHandler.swift in Sources */ = {isa = PBXBuildFile; fileRef = 078EFF762C834F81003312D0 /* ClipboadHandler.swift */; };
		078EFF792C834FAD003312D0 /* MediaUpdateHandler.swift in Sources */ = {isa = PBXBuildFile; fileRef = 078EFF782C834FAD003312D0 /* MediaUpdateHandler.swift */; };
		078EFF7E2C83506C003312D0 /* HandsfreeViewModel.swift in Sources */ = {isa = PBXBuildFile; fileRef = 078EFF7D2C83506C003312D0 /* HandsfreeViewModel.swift */; };
		078EFF842C8350DF003312D0 /* LogConfig.swift in Sources */ = {isa = PBXBuildFile; fileRef = 078EFF832C8350DF003312D0 /* LogConfig.swift */; };
		078EFF862C835103003312D0 /* MediaManager.swift in Sources */ = {isa = PBXBuildFile; fileRef = 078EFF852C835103003312D0 /* MediaManager.swift */; };
		078EFF882C83512E003312D0 /* PacketManager.swift in Sources */ = {isa = PBXBuildFile; fileRef = 078EFF872C83512E003312D0 /* PacketManager.swift */; };
		078EFF8A2C83516D003312D0 /* Utilities.swift in Sources */ = {isa = PBXBuildFile; fileRef = 078EFF892C83516D003312D0 /* Utilities.swift */; };
		078EFF8C2C8351F8003312D0 /* SimpleTimer.swift in Sources */ = {isa = PBXBuildFile; fileRef = 078EFF8B2C8351F8003312D0 /* SimpleTimer.swift */; };
		078EFF942C8356E4003312D0 /* AppRepository.swift in Sources */ = {isa = PBXBuildFile; fileRef = 078EFF932C8356E4003312D0 /* AppRepository.swift */; };
		078EFF962C835E11003312D0 /* UserPreferences.swift in Sources */ = {isa = PBXBuildFile; fileRef = 078EFF952C835E11003312D0 /* UserPreferences.swift */; };
		078EFF982C83999D003312D0 /* ConnectionViewModel.swift in Sources */ = {isa = PBXBuildFile; fileRef = 078EFF972C83999D003312D0 /* ConnectionViewModel.swift */; };
		078EFF9B2C84AAC6003312D0 /* Home.swift in Sources */ = {isa = PBXBuildFile; fileRef = 078EFF9A2C84AAC6003312D0 /* Home.swift */; };
		078EFF9D2C84B6B5003312D0 /* ScanResult.swift in Sources */ = {isa = PBXBuildFile; fileRef = 078EFF9C2C84B6B5003312D0 /* ScanResult.swift */; };
		078EFF9F2C84C159003312D0 /* SavedDevice.swift in Sources */ = {isa = PBXBuildFile; fileRef = 078EFF9E2C84C159003312D0 /* SavedDevice.swift */; };
		078EFFA12C84C742003312D0 /* ConnectedDevice.swift in Sources */ = {isa = PBXBuildFile; fileRef = 078EFFA02C84C742003312D0 /* ConnectedDevice.swift */; };
		078EFFA32C84CB3B003312D0 /* SignalStregth.swift in Sources */ = {isa = PBXBuildFile; fileRef = 078EFFA22C84CB3B003312D0 /* SignalStregth.swift */; };
		078EFFA52C864317003312D0 /* ActiveCall.swift in Sources */ = {isa = PBXBuildFile; fileRef = 078EFFA42C864317003312D0 /* ActiveCall.swift */; };
		078EFFA72C864392003312D0 /* CallAlert.swift in Sources */ = {isa = PBXBuildFile; fileRef = 078EFFA62C864392003312D0 /* CallAlert.swift */; };
		078EFFA92C86442E003312D0 /* Common.swift in Sources */ = {isa = PBXBuildFile; fileRef = 078EFFA82C86442E003312D0 /* Common.swift */; };
		078EFFAB2C8647F8003312D0 /* CustomWindowManager.swift in Sources */ = {isa = PBXBuildFile; fileRef = 078EFFAA2C8647F8003312D0 /* CustomWindowManager.swift */; };
		07BD2A342C90CCBF00DCBF5C /* DropDown.swift in Sources */ = {isa = PBXBuildFile; fileRef = 07BD2A332C90CCBF00DCBF5C /* DropDown.swift */; };
		07DF436229B1CB0F009ED75C /* myappApp.swift in Sources */ = {isa = PBXBuildFile; fileRef = 07DF436129B1CB0F009ED75C /* myappApp.swift */; };
		07DF436429B1CB0F009ED75C /* ContentView.swift in Sources */ = {isa = PBXBuildFile; fileRef = 07DF436329B1CB0F009ED75C /* ContentView.swift */; };
		07DF436629B1CB10009ED75C /* Assets.xcassets in Resources */ = {isa = PBXBuildFile; fileRef = 07DF436529B1CB10009ED75C /* Assets.xcassets */; };
		07DF436929B1CB10009ED75C /* Preview Assets.xcassets in Resources */ = {isa = PBXBuildFile; fileRef = 07DF436829B1CB10009ED75C /* Preview Assets.xcassets */; };
		07DF437429B1CB10009ED75C /* myappTests.swift in Sources */ = {isa = PBXBuildFile; fileRef = 07DF437329B1CB10009ED75C /* myappTests.swift */; };
		07DF437E29B1CB10009ED75C /* myappUITests.swift in Sources */ = {isa = PBXBuildFile; fileRef = 07DF437D29B1CB10009ED75C /* myappUITests.swift */; };
		07DF438029B1CB10009ED75C /* myappUITestsLaunchTests.swift in Sources */ = {isa = PBXBuildFile; fileRef = 07DF437F29B1CB10009ED75C /* myappUITestsLaunchTests.swift */; };
		07FAD6AF2C95BBCA00F7F9BA /* BluetoothClient.swift in Sources */ = {isa = PBXBuildFile; fileRef = 07FAD6AE2C95BBCA00F7F9BA /* BluetoothClient.swift */; };
/* End PBXBuildFile section */

/* Begin PBXContainerItemProxy section */
		07DF437029B1CB10009ED75C /* PBXContainerItemProxy */ = {
			isa = PBXContainerItemProxy;
			containerPortal = 07DF435629B1CB0F009ED75C /* Project object */;
			proxyType = 1;
			remoteGlobalIDString = 07DF435D29B1CB0F009ED75C;
			remoteInfo = myapp;
		};
		07DF437A29B1CB10009ED75C /* PBXContainerItemProxy */ = {
			isa = PBXContainerItemProxy;
			containerPortal = 07DF435629B1CB0F009ED75C /* Project object */;
			proxyType = 1;
			remoteGlobalIDString = 07DF435D29B1CB0F009ED75C;
			remoteInfo = myapp;
		};
/* End PBXContainerItemProxy section */

/* Begin PBXFileReference section */
		07187D7429B305EB0087EA5E /* Info.plist */ = {isa = PBXFileReference; lastKnownFileType = text.plist; path = Info.plist; sourceTree = "<group>"; };
		072EFC582C95C2C100BAF61B /* RFCommChannel.swift */ = {isa = PBXFileReference; lastKnownFileType = sourcecode.swift; path = RFCommChannel.swift; sourceTree = "<group>"; };
		072EFC5C2C96184800BAF61B /* AppDelegate.swift */ = {isa = PBXFileReference; lastKnownFileType = sourcecode.swift; path = AppDelegate.swift; sourceTree = "<group>"; };
		075AE4902BDE827F003821FC /* myappRelease.entitlements */ = {isa = PBXFileReference; lastKnownFileType = text.plist.entitlements; path = myappRelease.entitlements; sourceTree = "<group>"; };
		076117B62A44297300940D9C /* Constants.swift */ = {isa = PBXFileReference; lastKnownFileType = sourcecode.swift; path = Constants.swift; sourceTree = "<group>"; };
		0762700A2C97378200950627 /* Passover.icns */ = {isa = PBXFileReference; lastKnownFileType = image.icns; path = Passover.icns; sourceTree = "<group>"; };
		0762C2562C2844F40077A8B6 /* Message.pb.swift */ = {isa = PBXFileReference; fileEncoding = 4; lastKnownFileType = sourcecode.swift; path = Message.pb.swift; sourceTree = "<group>"; };
		078EFF6D2C834E6E003312D0 /* InquiryDelegate.swift */ = {isa = PBXFileReference; lastKnownFileType = sourcecode.swift; name = InquiryDelegate.swift; path = ../Delegates/InquiryDelegate.swift; sourceTree = "<group>"; };
		078EFF732C834F2A003312D0 /* HandsfreeDelegate.swift */ = {isa = PBXFileReference; lastKnownFileType = sourcecode.swift; path = HandsfreeDelegate.swift; sourceTree = "<group>"; };
		078EFF762C834F81003312D0 /* ClipboadHandler.swift */ = {isa = PBXFileReference; lastKnownFileType = sourcecode.swift; path = ClipboadHandler.swift; sourceTree = "<group>"; };
		078EFF782C834FAD003312D0 /* MediaUpdateHandler.swift */ = {isa = PBXFileReference; lastKnownFileType = sourcecode.swift; path = MediaUpdateHandler.swift; sourceTree = "<group>"; };
		078EFF7D2C83506C003312D0 /* HandsfreeViewModel.swift */ = {isa = PBXFileReference; lastKnownFileType = sourcecode.swift; path = HandsfreeViewModel.swift; sourceTree = "<group>"; };
		078EFF832C8350DF003312D0 /* LogConfig.swift */ = {isa = PBXFileReference; lastKnownFileType = sourcecode.swift; path = LogConfig.swift; sourceTree = "<group>"; };
		078EFF852C835103003312D0 /* MediaManager.swift */ = {isa = PBXFileReference; lastKnownFileType = sourcecode.swift; path = MediaManager.swift; sourceTree = "<group>"; };
		078EFF872C83512E003312D0 /* PacketManager.swift */ = {isa = PBXFileReference; lastKnownFileType = sourcecode.swift; path = PacketManager.swift; sourceTree = "<group>"; };
		078EFF892C83516D003312D0 /* Utilities.swift */ = {isa = PBXFileReference; lastKnownFileType = sourcecode.swift; path = Utilities.swift; sourceTree = "<group>"; };
		078EFF8B2C8351F8003312D0 /* SimpleTimer.swift */ = {isa = PBXFileReference; lastKnownFileType = sourcecode.swift; path = SimpleTimer.swift; sourceTree = "<group>"; };
		078EFF932C8356E4003312D0 /* AppRepository.swift */ = {isa = PBXFileReference; lastKnownFileType = sourcecode.swift; path = AppRepository.swift; sourceTree = "<group>"; };
		078EFF952C835E11003312D0 /* UserPreferences.swift */ = {isa = PBXFileReference; lastKnownFileType = sourcecode.swift; path = UserPreferences.swift; sourceTree = "<group>"; };
		078EFF972C83999D003312D0 /* ConnectionViewModel.swift */ = {isa = PBXFileReference; lastKnownFileType = sourcecode.swift; path = ConnectionViewModel.swift; sourceTree = "<group>"; };
		078EFF9A2C84AAC6003312D0 /* Home.swift */ = {isa = PBXFileReference; lastKnownFileType = sourcecode.swift; path = Home.swift; sourceTree = "<group>"; };
		078EFF9C2C84B6B5003312D0 /* ScanResult.swift */ = {isa = PBXFileReference; lastKnownFileType = sourcecode.swift; path = ScanResult.swift; sourceTree = "<group>"; };
		078EFF9E2C84C159003312D0 /* SavedDevice.swift */ = {isa = PBXFileReference; lastKnownFileType = sourcecode.swift; path = SavedDevice.swift; sourceTree = "<group>"; };
		078EFFA02C84C742003312D0 /* ConnectedDevice.swift */ = {isa = PBXFileReference; lastKnownFileType = sourcecode.swift; path = ConnectedDevice.swift; sourceTree = "<group>"; };
		078EFFA22C84CB3B003312D0 /* SignalStregth.swift */ = {isa = PBXFileReference; lastKnownFileType = sourcecode.swift; path = SignalStregth.swift; sourceTree = "<group>"; };
		078EFFA42C864317003312D0 /* ActiveCall.swift */ = {isa = PBXFileReference; lastKnownFileType = sourcecode.swift; path = ActiveCall.swift; sourceTree = "<group>"; };
		078EFFA62C864392003312D0 /* CallAlert.swift */ = {isa = PBXFileReference; lastKnownFileType = sourcecode.swift; path = CallAlert.swift; sourceTree = "<group>"; };
		078EFFA82C86442E003312D0 /* Common.swift */ = {isa = PBXFileReference; lastKnownFileType = sourcecode.swift; path = Common.swift; sourceTree = "<group>"; };
		078EFFAA2C8647F8003312D0 /* CustomWindowManager.swift */ = {isa = PBXFileReference; lastKnownFileType = sourcecode.swift; path = CustomWindowManager.swift; sourceTree = "<group>"; };
		07BD2A332C90CCBF00DCBF5C /* DropDown.swift */ = {isa = PBXFileReference; lastKnownFileType = sourcecode.swift; path = DropDown.swift; sourceTree = "<group>"; };
		07DF435E29B1CB0F009ED75C /* Passover.app */ = {isa = PBXFileReference; explicitFileType = wrapper.application; includeInIndex = 0; path = Passover.app; sourceTree = BUILT_PRODUCTS_DIR; };
		07DF436129B1CB0F009ED75C /* myappApp.swift */ = {isa = PBXFileReference; lastKnownFileType = sourcecode.swift; path = myappApp.swift; sourceTree = "<group>"; };
		07DF436329B1CB0F009ED75C /* ContentView.swift */ = {isa = PBXFileReference; lastKnownFileType = sourcecode.swift; path = ContentView.swift; sourceTree = "<group>"; };
		07DF436529B1CB10009ED75C /* Assets.xcassets */ = {isa = PBXFileReference; lastKnownFileType = folder.assetcatalog; path = Assets.xcassets; sourceTree = "<group>"; };
		07DF436829B1CB10009ED75C /* Preview Assets.xcassets */ = {isa = PBXFileReference; lastKnownFileType = folder.assetcatalog; path = "Preview Assets.xcassets"; sourceTree = "<group>"; };
		07DF436A29B1CB10009ED75C /* myapp.entitlements */ = {isa = PBXFileReference; lastKnownFileType = text.plist.entitlements; path = myapp.entitlements; sourceTree = "<group>"; };
		07DF436F29B1CB10009ED75C /* PassoverTests.xctest */ = {isa = PBXFileReference; explicitFileType = wrapper.cfbundle; includeInIndex = 0; path = PassoverTests.xctest; sourceTree = BUILT_PRODUCTS_DIR; };
		07DF437329B1CB10009ED75C /* myappTests.swift */ = {isa = PBXFileReference; lastKnownFileType = sourcecode.swift; path = myappTests.swift; sourceTree = "<group>"; };
		07DF437929B1CB10009ED75C /* PassoverUITests.xctest */ = {isa = PBXFileReference; explicitFileType = wrapper.cfbundle; includeInIndex = 0; path = PassoverUITests.xctest; sourceTree = BUILT_PRODUCTS_DIR; };
		07DF437D29B1CB10009ED75C /* myappUITests.swift */ = {isa = PBXFileReference; lastKnownFileType = sourcecode.swift; path = myappUITests.swift; sourceTree = "<group>"; };
		07DF437F29B1CB10009ED75C /* myappUITestsLaunchTests.swift */ = {isa = PBXFileReference; lastKnownFileType = sourcecode.swift; path = myappUITestsLaunchTests.swift; sourceTree = "<group>"; };
		07FAD6AE2C95BBCA00F7F9BA /* BluetoothClient.swift */ = {isa = PBXFileReference; lastKnownFileType = sourcecode.swift; path = BluetoothClient.swift; sourceTree = "<group>"; };
/* End PBXFileReference section */

/* Begin PBXFrameworksBuildPhase section */
		07DF435B29B1CB0F009ED75C /* Frameworks */ = {
			isa = PBXFrameworksBuildPhase;
			buildActionMask = 2147483647;
			files = (
				0762C25F2C2846530077A8B6 /* protoc-gen-swift in Frameworks */,
				0762C25D2C2846530077A8B6 /* SwiftProtobufPluginLibrary in Frameworks */,
				0743CF362BE6B72C009D356D /* ISSoundAdditions in Frameworks */,
				0762C25B2C2846530077A8B6 /* SwiftProtobuf in Frameworks */,
			);
			runOnlyForDeploymentPostprocessing = 0;
		};
		07DF436C29B1CB10009ED75C /* Frameworks */ = {
			isa = PBXFrameworksBuildPhase;
			buildActionMask = 2147483647;
			files = (
			);
			runOnlyForDeploymentPostprocessing = 0;
		};
		07DF437629B1CB10009ED75C /* Frameworks */ = {
			isa = PBXFrameworksBuildPhase;
			buildActionMask = 2147483647;
			files = (
			);
			runOnlyForDeploymentPostprocessing = 0;
		};
/* End PBXFrameworksBuildPhase section */

/* Begin PBXGroup section */
		0762C2512C2843860077A8B6 /* proto */ = {
			isa = PBXGroup;
			children = (
				0762C2562C2844F40077A8B6 /* Message.pb.swift */,
			);
			path = proto;
			sourceTree = "<group>";
		};
		0762C2522C28438D0077A8B6 /* model */ = {
			isa = PBXGroup;
			children = (
				07FAD6AE2C95BBCA00F7F9BA /* BluetoothClient.swift */,
				078EFF872C83512E003312D0 /* PacketManager.swift */,
			);
			path = model;
			sourceTree = "<group>";
		};
		078EFF752C834F62003312D0 /* Tasks */ = {
			isa = PBXGroup;
			children = (
				078EFF762C834F81003312D0 /* ClipboadHandler.swift */,
				078EFF782C834FAD003312D0 /* MediaUpdateHandler.swift */,
				078EFF952C835E11003312D0 /* UserPreferences.swift */,
			);
			path = Tasks;
			sourceTree = "<group>";
		};
		078EFF7A2C834FD4003312D0 /* ViewModels */ = {
			isa = PBXGroup;
			children = (
				078EFF972C83999D003312D0 /* ConnectionViewModel.swift */,
				078EFF7D2C83506C003312D0 /* HandsfreeViewModel.swift */,
			);
			path = ViewModels;
			sourceTree = "<group>";
		};
		078EFF7F2C835098003312D0 /* SharedObjects */ = {
			isa = PBXGroup;
			children = (
				078EFFAA2C8647F8003312D0 /* CustomWindowManager.swift */,
				078EFF852C835103003312D0 /* MediaManager.swift */,
				078EFF8B2C8351F8003312D0 /* SimpleTimer.swift */,
				078EFF932C8356E4003312D0 /* AppRepository.swift */,
			);
			path = SharedObjects;
			sourceTree = "<group>";
		};
		078EFF822C8350D3003312D0 /* Utils */ = {
			isa = PBXGroup;
			children = (
				076117B62A44297300940D9C /* Constants.swift */,
				078EFF832C8350DF003312D0 /* LogConfig.swift */,
				078EFF892C83516D003312D0 /* Utilities.swift */,
			);
			path = Utils;
			sourceTree = "<group>";
		};
		078EFF992C84AAAF003312D0 /* Views */ = {
			isa = PBXGroup;
			children = (
				078EFF9A2C84AAC6003312D0 /* Home.swift */,
				078EFFA82C86442E003312D0 /* Common.swift */,
				078EFF9C2C84B6B5003312D0 /* ScanResult.swift */,
				078EFFA62C864392003312D0 /* CallAlert.swift */,
				078EFF9E2C84C159003312D0 /* SavedDevice.swift */,
				078EFFA02C84C742003312D0 /* ConnectedDevice.swift */,
				07BD2A332C90CCBF00DCBF5C /* DropDown.swift */,
				078EFFA22C84CB3B003312D0 /* SignalStregth.swift */,
				078EFFA42C864317003312D0 /* ActiveCall.swift */,
			);
			path = Views;
			sourceTree = "<group>";
		};
		07DF435529B1CB0F009ED75C = {
			isa = PBXGroup;
			children = (
				07DF436029B1CB0F009ED75C /* myapp */,
				07DF437229B1CB10009ED75C /* myappTests */,
				07DF437C29B1CB10009ED75C /* myappUITests */,
				07DF435F29B1CB0F009ED75C /* Products */,
			);
			sourceTree = "<group>";
		};
		07DF435F29B1CB0F009ED75C /* Products */ = {
			isa = PBXGroup;
			children = (
				07DF435E29B1CB0F009ED75C /* Passover.app */,
				07DF436F29B1CB10009ED75C /* PassoverTests.xctest */,
				07DF437929B1CB10009ED75C /* PassoverUITests.xctest */,
			);
			name = Products;
			sourceTree = "<group>";
		};
		07DF436029B1CB0F009ED75C /* myapp */ = {
			isa = PBXGroup;
			children = (
				07FAD6B12C95BC0D00F7F9BA /* extensions */,
				078EFF992C84AAAF003312D0 /* Views */,
				078EFF822C8350D3003312D0 /* Utils */,
				078EFF7F2C835098003312D0 /* SharedObjects */,
				078EFF7A2C834FD4003312D0 /* ViewModels */,
				078EFF752C834F62003312D0 /* Tasks */,
				0762C2522C28438D0077A8B6 /* model */,
				0762C2512C2843860077A8B6 /* proto */,
				075AE4902BDE827F003821FC /* myappRelease.entitlements */,
				07187D7429B305EB0087EA5E /* Info.plist */,
				0762700A2C97378200950627 /* Passover.icns */,
				07DF436129B1CB0F009ED75C /* myappApp.swift */,
				072EFC5C2C96184800BAF61B /* AppDelegate.swift */,
				07DF436329B1CB0F009ED75C /* ContentView.swift */,
				07DF436529B1CB10009ED75C /* Assets.xcassets */,
				07DF436A29B1CB10009ED75C /* myapp.entitlements */,
				07DF436729B1CB10009ED75C /* Preview Content */,
			);
			path = myapp;
			sourceTree = "<group>";
		};
		07DF436729B1CB10009ED75C /* Preview Content */ = {
			isa = PBXGroup;
			children = (
				07DF436829B1CB10009ED75C /* Preview Assets.xcassets */,
			);
			path = "Preview Content";
			sourceTree = "<group>";
		};
		07DF437229B1CB10009ED75C /* myappTests */ = {
			isa = PBXGroup;
			children = (
				07DF437329B1CB10009ED75C /* myappTests.swift */,
			);
			path = myappTests;
			sourceTree = "<group>";
		};
		07DF437C29B1CB10009ED75C /* myappUITests */ = {
			isa = PBXGroup;
			children = (
				07DF437D29B1CB10009ED75C /* myappUITests.swift */,
				07DF437F29B1CB10009ED75C /* myappUITestsLaunchTests.swift */,
			);
			path = myappUITests;
			sourceTree = "<group>";
		};
		07FAD6B12C95BC0D00F7F9BA /* extensions */ = {
			isa = PBXGroup;
			children = (
				072EFC582C95C2C100BAF61B /* RFCommChannel.swift */,
				078EFF6D2C834E6E003312D0 /* InquiryDelegate.swift */,
				078EFF732C834F2A003312D0 /* HandsfreeDelegate.swift */,
			);
			path = extensions;
			sourceTree = "<group>";
		};
/* End PBXGroup section */

/* Begin PBXNativeTarget section */
		07DF435D29B1CB0F009ED75C /* Passover */ = {
			isa = PBXNativeTarget;
			buildConfigurationList = 07DF438329B1CB10009ED75C /* Build configuration list for PBXNativeTarget "Passover" */;
			buildPhases = (
				07DF435A29B1CB0F009ED75C /* Sources */,
				07DF435B29B1CB0F009ED75C /* Frameworks */,
				07DF435C29B1CB0F009ED75C /* Resources */,
			);
			buildRules = (
			);
			dependencies = (
			);
			name = Passover;
			packageProductDependencies = (
				0743CF352BE6B72C009D356D /* ISSoundAdditions */,
				0762C25A2C2846530077A8B6 /* SwiftProtobuf */,
				0762C25C2C2846530077A8B6 /* SwiftProtobufPluginLibrary */,
				0762C25E2C2846530077A8B6 /* protoc-gen-swift */,
			);
			productName = myapp;
			productReference = 07DF435E29B1CB0F009ED75C /* Passover.app */;
			productType = "com.apple.product-type.application";
		};
		07DF436E29B1CB10009ED75C /* PassoverTests */ = {
			isa = PBXNativeTarget;
			buildConfigurationList = 07DF438629B1CB10009ED75C /* Build configuration list for PBXNativeTarget "PassoverTests" */;
			buildPhases = (
				07DF436B29B1CB10009ED75C /* Sources */,
				07DF436C29B1CB10009ED75C /* Frameworks */,
				07DF436D29B1CB10009ED75C /* Resources */,
			);
			buildRules = (
			);
			dependencies = (
				07DF437129B1CB10009ED75C /* PBXTargetDependency */,
			);
			name = PassoverTests;
			productName = myappTests;
			productReference = 07DF436F29B1CB10009ED75C /* PassoverTests.xctest */;
			productType = "com.apple.product-type.bundle.unit-test";
		};
		07DF437829B1CB10009ED75C /* PassoverUITests */ = {
			isa = PBXNativeTarget;
			buildConfigurationList = 07DF438929B1CB10009ED75C /* Build configuration list for PBXNativeTarget "PassoverUITests" */;
			buildPhases = (
				07DF437529B1CB10009ED75C /* Sources */,
				07DF437629B1CB10009ED75C /* Frameworks */,
				07DF437729B1CB10009ED75C /* Resources */,
			);
			buildRules = (
			);
			dependencies = (
				07DF437B29B1CB10009ED75C /* PBXTargetDependency */,
			);
			name = PassoverUITests;
			productName = myappUITests;
			productReference = 07DF437929B1CB10009ED75C /* PassoverUITests.xctest */;
			productType = "com.apple.product-type.bundle.ui-testing";
		};
/* End PBXNativeTarget section */

/* Begin PBXProject section */
		07DF435629B1CB0F009ED75C /* Project object */ = {
			isa = PBXProject;
			attributes = {
				BuildIndependentTargetsInParallel = 1;
				LastSwiftUpdateCheck = 1420;
				LastUpgradeCheck = 1540;
				TargetAttributes = {
					07DF435D29B1CB0F009ED75C = {
						CreatedOnToolsVersion = 14.2;
					};
					07DF436E29B1CB10009ED75C = {
						CreatedOnToolsVersion = 14.2;
						TestTargetID = 07DF435D29B1CB0F009ED75C;
					};
					07DF437829B1CB10009ED75C = {
						CreatedOnToolsVersion = 14.2;
						TestTargetID = 07DF435D29B1CB0F009ED75C;
					};
				};
			};
			buildConfigurationList = 07DF435929B1CB0F009ED75C /* Build configuration list for PBXProject "Passover" */;
			compatibilityVersion = "Xcode 14.0";
			developmentRegion = en;
			hasScannedForEncodings = 0;
			knownRegions = (
				en,
				Base,
			);
			mainGroup = 07DF435529B1CB0F009ED75C;
			packageReferences = (
				0743CF342BE6B72C009D356D /* XCRemoteSwiftPackageReference "ISSoundAdditions" */,
				0762C2592C28454A0077A8B6 /* XCRemoteSwiftPackageReference "swift-protobuf" */,
			);
			productRefGroup = 07DF435F29B1CB0F009ED75C /* Products */;
			projectDirPath = "";
			projectRoot = "";
			targets = (
				07DF435D29B1CB0F009ED75C /* Passover */,
				07DF436E29B1CB10009ED75C /* PassoverTests */,
				07DF437829B1CB10009ED75C /* PassoverUITests */,
			);
		};
/* End PBXProject section */

/* Begin PBXResourcesBuildPhase section */
		07DF435C29B1CB0F009ED75C /* Resources */ = {
			isa = PBXResourcesBuildPhase;
			buildActionMask = 2147483647;
			files = (
				07DF436929B1CB10009ED75C /* Preview Assets.xcassets in Resources */,
				07DF436629B1CB10009ED75C /* Assets.xcassets in Resources */,
				0762700B2C97378200950627 /* Passover.icns in Resources */,
			);
			runOnlyForDeploymentPostprocessing = 0;
		};
		07DF436D29B1CB10009ED75C /* Resources */ = {
			isa = PBXResourcesBuildPhase;
			buildActionMask = 2147483647;
			files = (
			);
			runOnlyForDeploymentPostprocessing = 0;
		};
		07DF437729B1CB10009ED75C /* Resources */ = {
			isa = PBXResourcesBuildPhase;
			buildActionMask = 2147483647;
			files = (
			);
			runOnlyForDeploymentPostprocessing = 0;
		};
/* End PBXResourcesBuildPhase section */

/* Begin PBXSourcesBuildPhase section */
		07DF435A29B1CB0F009ED75C /* Sources */ = {
			isa = PBXSourcesBuildPhase;
			buildActionMask = 2147483647;
			files = (
				078EFF772C834F81003312D0 /* ClipboadHandler.swift in Sources */,
				078EFFA52C864317003312D0 /* ActiveCall.swift in Sources */,
				078EFFAB2C8647F8003312D0 /* CustomWindowManager.swift in Sources */,
				078EFF962C835E11003312D0 /* UserPreferences.swift in Sources */,
				0762C2582C2844F40077A8B6 /* Message.pb.swift in Sources */,
				072EFC592C95C2C100BAF61B /* RFCommChannel.swift in Sources */,
				07FAD6AF2C95BBCA00F7F9BA /* BluetoothClient.swift in Sources */,
				07BD2A342C90CCBF00DCBF5C /* DropDown.swift in Sources */,
				078EFFA92C86442E003312D0 /* Common.swift in Sources */,
				078EFF9B2C84AAC6003312D0 /* Home.swift in Sources */,
				078EFF862C835103003312D0 /* MediaManager.swift in Sources */,
				078EFF9D2C84B6B5003312D0 /* ScanResult.swift in Sources */,
				078EFF882C83512E003312D0 /* PacketManager.swift in Sources */,
				078EFF8A2C83516D003312D0 /* Utilities.swift in Sources */,
				076117B72A44297300940D9C /* Constants.swift in Sources */,
				078EFF792C834FAD003312D0 /* MediaUpdateHandler.swift in Sources */,
				078EFF982C83999D003312D0 /* ConnectionViewModel.swift in Sources */,
				078EFFA72C864392003312D0 /* CallAlert.swift in Sources */,
				072EFC5D2C96184900BAF61B /* AppDelegate.swift in Sources */,
				078EFF842C8350DF003312D0 /* LogConfig.swift in Sources */,
				078EFF8C2C8351F8003312D0 /* SimpleTimer.swift in Sources */,
				078EFF742C834F2A003312D0 /* HandsfreeDelegate.swift in Sources */,
				078EFFA12C84C742003312D0 /* ConnectedDevice.swift in Sources */,
				078EFF6E2C834E6E003312D0 /* InquiryDelegate.swift in Sources */,
				078EFFA32C84CB3B003312D0 /* SignalStregth.swift in Sources */,
				07DF436429B1CB0F009ED75C /* ContentView.swift in Sources */,
				07DF436229B1CB0F009ED75C /* myappApp.swift in Sources */,
				078EFF9F2C84C159003312D0 /* SavedDevice.swift in Sources */,
				078EFF7E2C83506C003312D0 /* HandsfreeViewModel.swift in Sources */,
				078EFF942C8356E4003312D0 /* AppRepository.swift in Sources */,
			);
			runOnlyForDeploymentPostprocessing = 0;
		};
		07DF436B29B1CB10009ED75C /* Sources */ = {
			isa = PBXSourcesBuildPhase;
			buildActionMask = 2147483647;
			files = (
				07DF437429B1CB10009ED75C /* myappTests.swift in Sources */,
			);
			runOnlyForDeploymentPostprocessing = 0;
		};
		07DF437529B1CB10009ED75C /* Sources */ = {
			isa = PBXSourcesBuildPhase;
			buildActionMask = 2147483647;
			files = (
				07DF438029B1CB10009ED75C /* myappUITestsLaunchTests.swift in Sources */,
				07DF437E29B1CB10009ED75C /* myappUITests.swift in Sources */,
			);
			runOnlyForDeploymentPostprocessing = 0;
		};
/* End PBXSourcesBuildPhase section */

/* Begin PBXTargetDependency section */
		07DF437129B1CB10009ED75C /* PBXTargetDependency */ = {
			isa = PBXTargetDependency;
			target = 07DF435D29B1CB0F009ED75C /* Passover */;
			targetProxy = 07DF437029B1CB10009ED75C /* PBXContainerItemProxy */;
		};
		07DF437B29B1CB10009ED75C /* PBXTargetDependency */ = {
			isa = PBXTargetDependency;
			target = 07DF435D29B1CB0F009ED75C /* Passover */;
			targetProxy = 07DF437A29B1CB10009ED75C /* PBXContainerItemProxy */;
		};
/* End PBXTargetDependency section */

/* Begin XCBuildConfiguration section */
		07DF438129B1CB10009ED75C /* Debug */ = {
			isa = XCBuildConfiguration;
			buildSettings = {
				ALWAYS_SEARCH_USER_PATHS = NO;
				ASSETCATALOG_COMPILER_GENERATE_SWIFT_ASSET_SYMBOL_EXTENSIONS = YES;
				CLANG_ANALYZER_NONNULL = YES;
				CLANG_ANALYZER_NUMBER_OBJECT_CONVERSION = YES_AGGRESSIVE;
				CLANG_CXX_LANGUAGE_STANDARD = "gnu++20";
				CLANG_ENABLE_MODULES = YES;
				CLANG_ENABLE_OBJC_ARC = YES;
				CLANG_ENABLE_OBJC_WEAK = YES;
				CLANG_WARN_BLOCK_CAPTURE_AUTORELEASING = YES;
				CLANG_WARN_BOOL_CONVERSION = YES;
				CLANG_WARN_COMMA = YES;
				CLANG_WARN_CONSTANT_CONVERSION = YES;
				CLANG_WARN_DEPRECATED_OBJC_IMPLEMENTATIONS = YES;
				CLANG_WARN_DIRECT_OBJC_ISA_USAGE = YES_ERROR;
				CLANG_WARN_DOCUMENTATION_COMMENTS = YES;
				CLANG_WARN_EMPTY_BODY = YES;
				CLANG_WARN_ENUM_CONVERSION = YES;
				CLANG_WARN_INFINITE_RECURSION = YES;
				CLANG_WARN_INT_CONVERSION = YES;
				CLANG_WARN_NON_LITERAL_NULL_CONVERSION = YES;
				CLANG_WARN_OBJC_IMPLICIT_RETAIN_SELF = YES;
				CLANG_WARN_OBJC_LITERAL_CONVERSION = YES;
				CLANG_WARN_OBJC_ROOT_CLASS = YES_ERROR;
				CLANG_WARN_QUOTED_INCLUDE_IN_FRAMEWORK_HEADER = YES;
				CLANG_WARN_RANGE_LOOP_ANALYSIS = YES;
				CLANG_WARN_STRICT_PROTOTYPES = YES;
				CLANG_WARN_SUSPICIOUS_MOVE = YES;
				CLANG_WARN_UNGUARDED_AVAILABILITY = YES_AGGRESSIVE;
				CLANG_WARN_UNREACHABLE_CODE = YES;
				CLANG_WARN__DUPLICATE_METHOD_MATCH = YES;
				COPY_PHASE_STRIP = NO;
				DEAD_CODE_STRIPPING = YES;
				DEBUG_INFORMATION_FORMAT = dwarf;
				ENABLE_STRICT_OBJC_MSGSEND = YES;
				ENABLE_TESTABILITY = YES;
				ENABLE_USER_SCRIPT_SANDBOXING = YES;
				GCC_C_LANGUAGE_STANDARD = gnu11;
				GCC_DYNAMIC_NO_PIC = NO;
				GCC_NO_COMMON_BLOCKS = YES;
				GCC_OPTIMIZATION_LEVEL = 0;
				GCC_PREPROCESSOR_DEFINITIONS = (
					"DEBUG=1",
					"$(inherited)",
				);
				GCC_WARN_64_TO_32_BIT_CONVERSION = YES;
				GCC_WARN_ABOUT_RETURN_TYPE = YES_ERROR;
				GCC_WARN_UNDECLARED_SELECTOR = YES;
				GCC_WARN_UNINITIALIZED_AUTOS = YES_AGGRESSIVE;
				GCC_WARN_UNUSED_FUNCTION = YES;
				GCC_WARN_UNUSED_VARIABLE = YES;
				MACOSX_DEPLOYMENT_TARGET = 13.1;
				MTL_ENABLE_DEBUG_INFO = INCLUDE_SOURCE;
				MTL_FAST_MATH = YES;
				ONLY_ACTIVE_ARCH = YES;
				SDKROOT = macosx;
				SWIFT_ACTIVE_COMPILATION_CONDITIONS = DEBUG;
				SWIFT_OPTIMIZATION_LEVEL = "-Onone";
			};
			name = Debug;
		};
		07DF438229B1CB10009ED75C /* Release */ = {
			isa = XCBuildConfiguration;
			buildSettings = {
				ALWAYS_SEARCH_USER_PATHS = NO;
				ASSETCATALOG_COMPILER_GENERATE_SWIFT_ASSET_SYMBOL_EXTENSIONS = YES;
				CLANG_ANALYZER_NONNULL = YES;
				CLANG_ANALYZER_NUMBER_OBJECT_CONVERSION = YES_AGGRESSIVE;
				CLANG_CXX_LANGUAGE_STANDARD = "gnu++20";
				CLANG_ENABLE_MODULES = YES;
				CLANG_ENABLE_OBJC_ARC = YES;
				CLANG_ENABLE_OBJC_WEAK = YES;
				CLANG_WARN_BLOCK_CAPTURE_AUTORELEASING = YES;
				CLANG_WARN_BOOL_CONVERSION = YES;
				CLANG_WARN_COMMA = YES;
				CLANG_WARN_CONSTANT_CONVERSION = YES;
				CLANG_WARN_DEPRECATED_OBJC_IMPLEMENTATIONS = YES;
				CLANG_WARN_DIRECT_OBJC_ISA_USAGE = YES_ERROR;
				CLANG_WARN_DOCUMENTATION_COMMENTS = YES;
				CLANG_WARN_EMPTY_BODY = YES;
				CLANG_WARN_ENUM_CONVERSION = YES;
				CLANG_WARN_INFINITE_RECURSION = YES;
				CLANG_WARN_INT_CONVERSION = YES;
				CLANG_WARN_NON_LITERAL_NULL_CONVERSION = YES;
				CLANG_WARN_OBJC_IMPLICIT_RETAIN_SELF = YES;
				CLANG_WARN_OBJC_LITERAL_CONVERSION = YES;
				CLANG_WARN_OBJC_ROOT_CLASS = YES_ERROR;
				CLANG_WARN_QUOTED_INCLUDE_IN_FRAMEWORK_HEADER = YES;
				CLANG_WARN_RANGE_LOOP_ANALYSIS = YES;
				CLANG_WARN_STRICT_PROTOTYPES = YES;
				CLANG_WARN_SUSPICIOUS_MOVE = YES;
				CLANG_WARN_UNGUARDED_AVAILABILITY = YES_AGGRESSIVE;
				CLANG_WARN_UNREACHABLE_CODE = YES;
				CLANG_WARN__DUPLICATE_METHOD_MATCH = YES;
				COPY_PHASE_STRIP = NO;
				DEAD_CODE_STRIPPING = YES;
				DEBUG_INFORMATION_FORMAT = "dwarf-with-dsym";
				ENABLE_NS_ASSERTIONS = NO;
				ENABLE_STRICT_OBJC_MSGSEND = YES;
				ENABLE_USER_SCRIPT_SANDBOXING = YES;
				GCC_C_LANGUAGE_STANDARD = gnu11;
				GCC_NO_COMMON_BLOCKS = YES;
				GCC_WARN_64_TO_32_BIT_CONVERSION = YES;
				GCC_WARN_ABOUT_RETURN_TYPE = YES_ERROR;
				GCC_WARN_UNDECLARED_SELECTOR = YES;
				GCC_WARN_UNINITIALIZED_AUTOS = YES_AGGRESSIVE;
				GCC_WARN_UNUSED_FUNCTION = YES;
				GCC_WARN_UNUSED_VARIABLE = YES;
				MACOSX_DEPLOYMENT_TARGET = 13.1;
				MTL_ENABLE_DEBUG_INFO = NO;
				MTL_FAST_MATH = YES;
				SDKROOT = macosx;
				SWIFT_COMPILATION_MODE = wholemodule;
				SWIFT_OPTIMIZATION_LEVEL = "-O";
			};
			name = Release;
		};
		07DF438429B1CB10009ED75C /* Debug */ = {
			isa = XCBuildConfiguration;
			buildSettings = {
				ASSETCATALOG_COMPILER_APPICON_NAME = AppIcon;
				ASSETCATALOG_COMPILER_GLOBAL_ACCENT_COLOR_NAME = AccentColor;
				CODE_SIGN_ENTITLEMENTS = myapp/myapp.entitlements;
				"CODE_SIGN_IDENTITY[sdk=macosx*]" = "Apple Development";
				CODE_SIGN_STYLE = Automatic;
				COMBINE_HIDPI_IMAGES = YES;
				CURRENT_PROJECT_VERSION = 1;
				DEAD_CODE_STRIPPING = YES;
				DEVELOPMENT_ASSET_PATHS = "\"myapp/Preview Content\"";
				DEVELOPMENT_TEAM = 37FHLU3Q9L;
				ENABLE_PREVIEWS = YES;
				GENERATE_INFOPLIST_FILE = YES;
				INFOPLIST_FILE = myapp/Info.plist;
				INFOPLIST_KEY_CFBundleDisplayName = "Passover-Debug";
				INFOPLIST_KEY_LSUIElement = NO;
				INFOPLIST_KEY_NSAppleEventsUsageDescription = "Do you allow automation?";
				INFOPLIST_KEY_NSBluetoothAlwaysUsageDescription = "Create a gatt server";
				INFOPLIST_KEY_NSBluetoothPeripheralUsageDescription = "Create gatt server ";
				INFOPLIST_KEY_NSHumanReadableCopyright = "";
				LD_RUNPATH_SEARCH_PATHS = (
					"$(inherited)",
					"@executable_path/../Frameworks",
				);
				MARKETING_VERSION = 1.0;
				PRODUCT_BUNDLE_IDENTIFIER = aks.myapp;
				PRODUCT_NAME = "$(TARGET_NAME)";
				SWIFT_EMIT_LOC_STRINGS = YES;
				SWIFT_VERSION = 5.0;
			};
			name = Debug;
		};
		07DF438529B1CB10009ED75C /* Release */ = {
			isa = XCBuildConfiguration;
			buildSettings = {
				ASSETCATALOG_COMPILER_APPICON_NAME = AppIcon;
				ASSETCATALOG_COMPILER_GLOBAL_ACCENT_COLOR_NAME = AccentColor;
				CODE_SIGN_ENTITLEMENTS = myapp/myappRelease.entitlements;
				"CODE_SIGN_IDENTITY[sdk=macosx*]" = "Apple Development";
				CODE_SIGN_STYLE = Automatic;
				COMBINE_HIDPI_IMAGES = YES;
				CURRENT_PROJECT_VERSION = 1;
				DEAD_CODE_STRIPPING = YES;
				DEVELOPMENT_ASSET_PATHS = "\"myapp/Preview Content\"";
				DEVELOPMENT_TEAM = 37FHLU3Q9L;
				ENABLE_HARDENED_RUNTIME = YES;
				ENABLE_PREVIEWS = YES;
				GENERATE_INFOPLIST_FILE = YES;
				INFOPLIST_FILE = myapp/Info.plist;
				INFOPLIST_KEY_CFBundleDisplayName = Passover;
				INFOPLIST_KEY_LSUIElement = NO;
				INFOPLIST_KEY_NSAppleEventsUsageDescription = "Do you allow automation?";
				INFOPLIST_KEY_NSBluetoothAlwaysUsageDescription = "Create a gatt server";
				INFOPLIST_KEY_NSBluetoothPeripheralUsageDescription = "Create gatt server ";
				INFOPLIST_KEY_NSHumanReadableCopyright = "";
				LD_RUNPATH_SEARCH_PATHS = (
					"$(inherited)",
					"@executable_path/../Frameworks",
				);
				MARKETING_VERSION = 1.0;
				PRODUCT_BUNDLE_IDENTIFIER = aks.myapp;
				PRODUCT_NAME = "$(TARGET_NAME)";
				SWIFT_EMIT_LOC_STRINGS = YES;
				SWIFT_VERSION = 5.0;
			};
			name = Release;
		};
		07DF438729B1CB10009ED75C /* Debug */ = {
			isa = XCBuildConfiguration;
			buildSettings = {
				ALWAYS_EMBED_SWIFT_STANDARD_LIBRARIES = YES;
				BUNDLE_LOADER = "$(TEST_HOST)";
				"CODE_SIGN_IDENTITY[sdk=macosx*]" = "Apple Development";
				CODE_SIGN_STYLE = Automatic;
				CURRENT_PROJECT_VERSION = 1;
				DEAD_CODE_STRIPPING = YES;
				DEVELOPMENT_TEAM = 37FHLU3Q9L;
				GENERATE_INFOPLIST_FILE = YES;
				MACOSX_DEPLOYMENT_TARGET = 13.1;
				MARKETING_VERSION = 1.0;
				PRODUCT_BUNDLE_IDENTIFIER = aks.myappTests;
				PRODUCT_NAME = "$(TARGET_NAME)";
				SWIFT_EMIT_LOC_STRINGS = NO;
				SWIFT_VERSION = 5.0;
				TEST_HOST = "$(BUILT_PRODUCTS_DIR)/Passover.app/$(BUNDLE_EXECUTABLE_FOLDER_PATH)/Passover";
			};
			name = Debug;
		};
		07DF438829B1CB10009ED75C /* Release */ = {
			isa = XCBuildConfiguration;
			buildSettings = {
				ALWAYS_EMBED_SWIFT_STANDARD_LIBRARIES = YES;
				BUNDLE_LOADER = "$(TEST_HOST)";
				"CODE_SIGN_IDENTITY[sdk=macosx*]" = "Apple Development";
				CODE_SIGN_STYLE = Automatic;
				CURRENT_PROJECT_VERSION = 1;
				DEAD_CODE_STRIPPING = YES;
				DEVELOPMENT_TEAM = 37FHLU3Q9L;
				GENERATE_INFOPLIST_FILE = YES;
				MACOSX_DEPLOYMENT_TARGET = 13.1;
				MARKETING_VERSION = 1.0;
				PRODUCT_BUNDLE_IDENTIFIER = aks.myappTests;
				PRODUCT_NAME = "$(TARGET_NAME)";
				SWIFT_EMIT_LOC_STRINGS = NO;
				SWIFT_VERSION = 5.0;
				TEST_HOST = "$(BUILT_PRODUCTS_DIR)/Passover.app/$(BUNDLE_EXECUTABLE_FOLDER_PATH)/Passover";
			};
			name = Release;
		};
		07DF438A29B1CB10009ED75C /* Debug */ = {
			isa = XCBuildConfiguration;
			buildSettings = {
				ALWAYS_EMBED_SWIFT_STANDARD_LIBRARIES = YES;
				"CODE_SIGN_IDENTITY[sdk=macosx*]" = "Apple Development";
				CODE_SIGN_STYLE = Automatic;
				CURRENT_PROJECT_VERSION = 1;
				DEAD_CODE_STRIPPING = YES;
				DEVELOPMENT_TEAM = 37FHLU3Q9L;
				GENERATE_INFOPLIST_FILE = YES;
				MARKETING_VERSION = 1.0;
				PRODUCT_BUNDLE_IDENTIFIER = aks.myappUITests;
				PRODUCT_NAME = "$(TARGET_NAME)";
				SWIFT_EMIT_LOC_STRINGS = NO;
				SWIFT_VERSION = 5.0;
				TEST_TARGET_NAME = myapp;
			};
			name = Debug;
		};
		07DF438B29B1CB10009ED75C /* Release */ = {
			isa = XCBuildConfiguration;
			buildSettings = {
				ALWAYS_EMBED_SWIFT_STANDARD_LIBRARIES = YES;
				"CODE_SIGN_IDENTITY[sdk=macosx*]" = "Apple Development";
				CODE_SIGN_STYLE = Automatic;
				CURRENT_PROJECT_VERSION = 1;
				DEAD_CODE_STRIPPING = YES;
				DEVELOPMENT_TEAM = 37FHLU3Q9L;
				GENERATE_INFOPLIST_FILE = YES;
				MARKETING_VERSION = 1.0;
				PRODUCT_BUNDLE_IDENTIFIER = aks.myappUITests;
				PRODUCT_NAME = "$(TARGET_NAME)";
				SWIFT_EMIT_LOC_STRINGS = NO;
				SWIFT_VERSION = 5.0;
				TEST_TARGET_NAME = myapp;
			};
			name = Release;
		};
/* End XCBuildConfiguration section */

/* Begin XCConfigurationList section */
		07DF435929B1CB0F009ED75C /* Build configuration list for PBXProject "Passover" */ = {
			isa = XCConfigurationList;
			buildConfigurations = (
				07DF438129B1CB10009ED75C /* Debug */,
				07DF438229B1CB10009ED75C /* Release */,
			);
			defaultConfigurationIsVisible = 0;
			defaultConfigurationName = Release;
		};
		07DF438329B1CB10009ED75C /* Build configuration list for PBXNativeTarget "Passover" */ = {
			isa = XCConfigurationList;
			buildConfigurations = (
				07DF438429B1CB10009ED75C /* Debug */,
				07DF438529B1CB10009ED75C /* Release */,
			);
			defaultConfigurationIsVisible = 0;
			defaultConfigurationName = Release;
		};
		07DF438629B1CB10009ED75C /* Build configuration list for PBXNativeTarget "PassoverTests" */ = {
			isa = XCConfigurationList;
			buildConfigurations = (
				07DF438729B1CB10009ED75C /* Debug */,
				07DF438829B1CB10009ED75C /* Release */,
			);
			defaultConfigurationIsVisible = 0;
			defaultConfigurationName = Release;
		};
		07DF438929B1CB10009ED75C /* Build configuration list for PBXNativeTarget "PassoverUITests" */ = {
			isa = XCConfigurationList;
			buildConfigurations = (
				07DF438A29B1CB10009ED75C /* Debug */,
				07DF438B29B1CB10009ED75C /* Release */,
			);
			defaultConfigurationIsVisible = 0;
			defaultConfigurationName = Release;
		};
/* End XCConfigurationList section */

/* Begin XCRemoteSwiftPackageReference section */
		0743CF342BE6B72C009D356D /* XCRemoteSwiftPackageReference "ISSoundAdditions" */ = {
			isa = XCRemoteSwiftPackageReference;
			repositoryURL = "https://github.com/InerziaSoft/ISSoundAdditions";
			requirement = {
				branch = master;
				kind = branch;
			};
		};
		0762C2592C28454A0077A8B6 /* XCRemoteSwiftPackageReference "swift-protobuf" */ = {
			isa = XCRemoteSwiftPackageReference;
			repositoryURL = "https://github.com/apple/swift-protobuf.git";
			requirement = {
				kind = upToNextMajorVersion;
				minimumVersion = 1.26.0;
			};
		};
/* End XCRemoteSwiftPackageReference section */

/* Begin XCSwiftPackageProductDependency section */
		0743CF352BE6B72C009D356D /* ISSoundAdditions */ = {
			isa = XCSwiftPackageProductDependency;
			package = 0743CF342BE6B72C009D356D /* XCRemoteSwiftPackageReference "ISSoundAdditions" */;
			productName = ISSoundAdditions;
		};
		0762C25A2C2846530077A8B6 /* SwiftProtobuf */ = {
			isa = XCSwiftPackageProductDependency;
			package = 0762C2592C28454A0077A8B6 /* XCRemoteSwiftPackageReference "swift-protobuf" */;
			productName = SwiftProtobuf;
		};
		0762C25C2C2846530077A8B6 /* SwiftProtobufPluginLibrary */ = {
			isa = XCSwiftPackageProductDependency;
			package = 0762C2592C28454A0077A8B6 /* XCRemoteSwiftPackageReference "swift-protobuf" */;
			productName = SwiftProtobufPluginLibrary;
		};
		0762C25E2C2846530077A8B6 /* protoc-gen-swift */ = {
			isa = XCSwiftPackageProductDependency;
			package = 0762C2592C28454A0077A8B6 /* XCRemoteSwiftPackageReference "swift-protobuf" */;
			productName = "protoc-gen-swift";
		};
/* End XCSwiftPackageProductDependency section */
	};
	rootObject = 07DF435629B1CB0F009ED75C /* Project object */;
}
