// !$*UTF8*$!
{
	archiveVersion = 1;
	classes = {
	};
	objectVersion = 56;
	objects = {

/* Begin PBXBuildFile section */
		07DF436229B1CB0F009ED75C /* myappApp.swift in Sources */ = {isa = PBXBuildFile; fileRef = 07DF436129B1CB0F009ED75C /* myappApp.swift */; };
		07DF436429B1CB0F009ED75C /* ContentView.swift in Sources */ = {isa = PBXBuildFile; fileRef = 07DF436329B1CB0F009ED75C /* ContentView.swift */; };
		07DF436629B1CB10009ED75C /* Assets.xcassets in Resources */ = {isa = PBXBuildFile; fileRef = 07DF436529B1CB10009ED75C /* Assets.xcassets */; };
		07DF436929B1CB10009ED75C /* Preview Assets.xcassets in Resources */ = {isa = PBXBuildFile; fileRef = 07DF436829B1CB10009ED75C /* Preview Assets.xcassets */; };
		07DF437429B1CB10009ED75C /* myappTests.swift in Sources */ = {isa = PBXBuildFile; fileRef = 07DF437329B1CB10009ED75C /* myappTests.swift */; };
		07DF437E29B1CB10009ED75C /* myappUITests.swift in Sources */ = {isa = PBXBuildFile; fileRef = 07DF437D29B1CB10009ED75C /* myappUITests.swift */; };
		07DF438029B1CB10009ED75C /* myappUITestsLaunchTests.swift in Sources */ = {isa = PBXBuildFile; fileRef = 07DF437F29B1CB10009ED75C /* myappUITestsLaunchTests.swift */; };
/* End PBXBuildFile section */

/* Begin PBXContainerItemProxy section */
		07DF437029B1CB10009ED75C /* PBXContainerItemProxy */ = {
			isa = PBXContainerItemProxy;
			containerPortal = 07DF435629B1CB0F009ED75C /* Project object */;
			proxyType = 1;
			remoteGlobalIDString = 07DF435D29B1CB0F009ED75C;
			remoteInfo = myapp;
		};
		07DF437A29B1CB10009ED75C /* PBXContainerItemProxy */ = {
			isa = PBXContainerItemProxy;
			containerPortal = 07DF435629B1CB0F009ED75C /* Project object */;
			proxyType = 1;
			remoteGlobalIDString = 07DF435D29B1CB0F009ED75C;
			remoteInfo = myapp;
		};
/* End PBXContainerItemProxy section */

/* Begin PBXFileReference section */
		07DF435E29B1CB0F009ED75C /* myapp.app */ = {isa = PBXFileReference; explicitFileType = wrapper.application; includeInIndex = 0; path = myapp.app; sourceTree = BUILT_PRODUCTS_DIR; };
		07DF436129B1CB0F009ED75C /* myappApp.swift */ = {isa = PBXFileReference; lastKnownFileType = sourcecode.swift; path = myappApp.swift; sourceTree = "<group>"; };
		07DF436329B1CB0F009ED75C /* ContentView.swift */ = {isa = PBXFileReference; lastKnownFileType = sourcecode.swift; path = ContentView.swift; sourceTree = "<group>"; };
		07DF436529B1CB10009ED75C /* Assets.xcassets */ = {isa = PBXFileReference; lastKnownFileType = folder.assetcatalog; path = Assets.xcassets; sourceTree = "<group>"; };
		07DF436829B1CB10009ED75C /* Preview Assets.xcassets */ = {isa = PBXFileReference; lastKnownFileType = folder.assetcatalog; path = "Preview Assets.xcassets"; sourceTree = "<group>"; };
		07DF436A29B1CB10009ED75C /* myapp.entitlements */ = {isa = PBXFileReference; lastKnownFileType = text.plist.entitlements; path = myapp.entitlements; sourceTree = "<group>"; };
		07DF436F29B1CB10009ED75C /* myappTests.xctest */ = {isa = PBXFileReference; explicitFileType = wrapper.cfbundle; includeInIndex = 0; path = myappTests.xctest; sourceTree = BUILT_PRODUCTS_DIR; };
		07DF437329B1CB10009ED75C /* myappTests.swift */ = {isa = PBXFileReference; lastKnownFileType = sourcecode.swift; path = myappTests.swift; sourceTree = "<group>"; };
		07DF437929B1CB10009ED75C /* myappUITests.xctest */ = {isa = PBXFileReference; explicitFileType = wrapper.cfbundle; includeInIndex = 0; path = myappUITests.xctest; sourceTree = BUILT_PRODUCTS_DIR; };
		07DF437D29B1CB10009ED75C /* myappUITests.swift */ = {isa = PBXFileReference; lastKnownFileType = sourcecode.swift; path = myappUITests.swift; sourceTree = "<group>"; };
		07DF437F29B1CB10009ED75C /* myappUITestsLaunchTests.swift */ = {isa = PBXFileReference; lastKnownFileType = sourcecode.swift; path = myappUITestsLaunchTests.swift; sourceTree = "<group>"; };
/* End PBXFileReference section */

/* Begin PBXFrameworksBuildPhase section */
		07DF435B29B1CB0F009ED75C /* Frameworks */ = {
			isa = PBXFrameworksBuildPhase;
			buildActionMask = 2147483647;
			files = (
			);
			runOnlyForDeploymentPostprocessing = 0;
		};
		07DF436C29B1CB10009ED75C /* Frameworks */ = {
			isa = PBXFrameworksBuildPhase;
			buildActionMask = 2147483647;
			files = (
			);
			runOnlyForDeploymentPostprocessing = 0;
		};
		07DF437629B1CB10009ED75C /* Frameworks */ = {
			isa = PBXFrameworksBuildPhase;
			buildActionMask = 2147483647;
			files = (
			);
			runOnlyForDeploymentPostprocessing = 0;
		};
/* End PBXFrameworksBuildPhase section */

/* Begin PBXGroup section */
		07DF435529B1CB0F009ED75C = {
			isa = PBXGroup;
			children = (
				07DF436029B1CB0F009ED75C /* myapp */,
				07DF437229B1CB10009ED75C /* myappTests */,
				07DF437C29B1CB10009ED75C /* myappUITests */,
				07DF435F29B1CB0F009ED75C /* Products */,
			);
			sourceTree = "<group>";
		};
		07DF435F29B1CB0F009ED75C /* Products */ = {
			isa = PBXGroup;
			children = (
				07DF435E29B1CB0F009ED75C /* myapp.app */,
				07DF436F29B1CB10009ED75C /* myappTests.xctest */,
				07DF437929B1CB10009ED75C /* myappUITests.xctest */,
			);
			name = Products;
			sourceTree = "<group>";
		};
		07DF436029B1CB0F009ED75C /* myapp */ = {
			isa = PBXGroup;
			children = (
				07DF436129B1CB0F009ED75C /* myappApp.swift */,
				07DF436329B1CB0F009ED75C /* ContentView.swift */,
				07DF436529B1CB10009ED75C /* Assets.xcassets */,
				07DF436A29B1CB10009ED75C /* myapp.entitlements */,
				07DF436729B1CB10009ED75C /* Preview Content */,
			);
			path = myapp;
			sourceTree = "<group>";
		};
		07DF436729B1CB10009ED75C /* Preview Content */ = {
			isa = PBXGroup;
			children = (
				07DF436829B1CB10009ED75C /* Preview Assets.xcassets */,
			);
			path = "Preview Content";
			sourceTree = "<group>";
		};
		07DF437229B1CB10009ED75C /* myappTests */ = {
			isa = PBXGroup;
			children = (
				07DF437329B1CB10009ED75C /* myappTests.swift */,
			);
			path = myappTests;
			sourceTree = "<group>";
		};
		07DF437C29B1CB10009ED75C /* myappUITests */ = {
			isa = PBXGroup;
			children = (
				07DF437D29B1CB10009ED75C /* myappUITests.swift */,
				07DF437F29B1CB10009ED75C /* myappUITestsLaunchTests.swift */,
			);
			path = myappUITests;
			sourceTree = "<group>";
		};
/* End PBXGroup section */

/* Begin PBXNativeTarget section */
		07DF435D29B1CB0F009ED75C /* myapp */ = {
			isa = PBXNativeTarget;
			buildConfigurationList = 07DF438329B1CB10009ED75C /* Build configuration list for PBXNativeTarget "myapp" */;
			buildPhases = (
				07DF435A29B1CB0F009ED75C /* Sources */,
				07DF435B29B1CB0F009ED75C /* Frameworks */,
				07DF435C29B1CB0F009ED75C /* Resources */,
			);
			buildRules = (
			);
			dependencies = (
			);
			name = myapp;
			productName = myapp;
			productReference = 07DF435E29B1CB0F009ED75C /* myapp.app */;
			productType = "com.apple.product-type.application";
		};
		07DF436E29B1CB10009ED75C /* myappTests */ = {
			isa = PBXNativeTarget;
			buildConfigurationList = 07DF438629B1CB10009ED75C /* Build configuration list for PBXNativeTarget "myappTests" */;
			buildPhases = (
				07DF436B29B1CB10009ED75C /* Sources */,
				07DF436C29B1CB10009ED75C /* Frameworks */,
				07DF436D29B1CB10009ED75C /* Resources */,
			);
			buildRules = (
			);
			dependencies = (
				07DF437129B1CB10009ED75C /* PBXTargetDependency */,
			);
			name = myappTests;
			productName = myappTests;
			productReference = 07DF436F29B1CB10009ED75C /* myappTests.xctest */;
			productType = "com.apple.product-type.bundle.unit-test";
		};
		07DF437829B1CB10009ED75C /* myappUITests */ = {
			isa = PBXNativeTarget;
			buildConfigurationList = 07DF438929B1CB10009ED75C /* Build configuration list for PBXNativeTarget "myappUITests" */;
			buildPhases = (
				07DF437529B1CB10009ED75C /* Sources */,
				07DF437629B1CB10009ED75C /* Frameworks */,
				07DF437729B1CB10009ED75C /* Resources */,
			);
			buildRules = (
			);
			dependencies = (
				07DF437B29B1CB10009ED75C /* PBXTargetDependency */,
			);
			name = myappUITests;
			productName = myappUITests;
			productReference = 07DF437929B1CB10009ED75C /* myappUITests.xctest */;
			productType = "com.apple.product-type.bundle.ui-testing";
		};
/* End PBXNativeTarget section */

/* Begin PBXProject section */
		07DF435629B1CB0F009ED75C /* Project object */ = {
			isa = PBXProject;
			attributes = {
				BuildIndependentTargetsInParallel = 1;
				LastSwiftUpdateCheck = 1420;
				LastUpgradeCheck = 1420;
				TargetAttributes = {
					07DF435D29B1CB0F009ED75C = {
						CreatedOnToolsVersion = 14.2;
					};
					07DF436E29B1CB10009ED75C = {
						CreatedOnToolsVersion = 14.2;
						TestTargetID = 07DF435D29B1CB0F009ED75C;
					};
					07DF437829B1CB10009ED75C = {
						CreatedOnToolsVersion = 14.2;
						TestTargetID = 07DF435D29B1CB0F009ED75C;
					};
				};
			};
			buildConfigurationList = 07DF435929B1CB0F009ED75C /* Build configuration list for PBXProject "myapp" */;
			compatibilityVersion = "Xcode 14.0";
			developmentRegion = en;
			hasScannedForEncodings = 0;
			knownRegions = (
				en,
				Base,
			);
			mainGroup = 07DF435529B1CB0F009ED75C;
			productRefGroup = 07DF435F29B1CB0F009ED75C /* Products */;
			projectDirPath = "";
			projectRoot = "";
			targets = (
				07DF435D29B1CB0F009ED75C /* myapp */,
				07DF436E29B1CB10009ED75C /* myappTests */,
				07DF437829B1CB10009ED75C /* myappUITests */,
			);
		};
/* End PBXProject section */

/* Begin PBXResourcesBuildPhase section */
		07DF435C29B1CB0F009ED75C /* Resources */ = {
			isa = PBXResourcesBuildPhase;
			buildActionMask = 2147483647;
			files = (
				07DF436929B1CB10009ED75C /* Preview Assets.xcassets in Resources */,
				07DF436629B1CB10009ED75C /* Assets.xcassets in Resources */,
			);
			runOnlyForDeploymentPostprocessing = 0;
		};
		07DF436D29B1CB10009ED75C /* Resources */ = {
			isa = PBXResourcesBuildPhase;
			buildActionMask = 2147483647;
			files = (
			);
			runOnlyForDeploymentPostprocessing = 0;
		};
		07DF437729B1CB10009ED75C /* Resources */ = {
			isa = PBXResourcesBuildPhase;
			buildActionMask = 2147483647;
			files = (
			);
			runOnlyForDeploymentPostprocessing = 0;
		};
/* End PBXResourcesBuildPhase section */

/* Begin PBXSourcesBuildPhase section */
		07DF435A29B1CB0F009ED75C /* Sources */ = {
			isa = PBXSourcesBuildPhase;
			buildActionMask = 2147483647;
			files = (
				07DF436429B1CB0F009ED75C /* ContentView.swift in Sources */,
				07DF436229B1CB0F009ED75C /* myappApp.swift in Sources */,
			);
			runOnlyForDeploymentPostprocessing = 0;
		};
		07DF436B29B1CB10009ED75C /* Sources */ = {
			isa = PBXSourcesBuildPhase;
			buildActionMask = 2147483647;
			files = (
				07DF437429B1CB10009ED75C /* myappTests.swift in Sources */,
			);
			runOnlyForDeploymentPostprocessing = 0;
		};
		07DF437529B1CB10009ED75C /* Sources */ = {
			isa = PBXSourcesBuildPhase;
			buildActionMask = 2147483647;
			files = (
				07DF438029B1CB10009ED75C /* myappUITestsLaunchTests.swift in Sources */,
				07DF437E29B1CB10009ED75C /* myappUITests.swift in Sources */,
			);
			runOnlyForDeploymentPostprocessing = 0;
		};
/* End PBXSourcesBuildPhase section */

/* Begin PBXTargetDependency section */
		07DF437129B1CB10009ED75C /* PBXTargetDependency */ = {
			isa = PBXTargetDependency;
			target = 07DF435D29B1CB0F009ED75C /* myapp */;
			targetProxy = 07DF437029B1CB10009ED75C /* PBXContainerItemProxy */;
		};
		07DF437B29B1CB10009ED75C /* PBXTargetDependency */ = {
			isa = PBXTargetDependency;
			target = 07DF435D29B1CB0F009ED75C /* myapp */;
			targetProxy = 07DF437A29B1CB10009ED75C /* PBXContainerItemProxy */;
		};
/* End PBXTargetDependency section */

/* Begin XCBuildConfiguration section */
		07DF438129B1CB10009ED75C /* Debug */ = {
			isa = XCBuildConfiguration;
			buildSettings = {
				ALWAYS_SEARCH_USER_PATHS = NO;
				CLANG_ANALYZER_NONNULL = YES;
				CLANG_ANALYZER_NUMBER_OBJECT_CONVERSION = YES_AGGRESSIVE;
				CLANG_CXX_LANGUAGE_STANDARD = "gnu++20";
				CLANG_ENABLE_MODULES = YES;
				CLANG_ENABLE_OBJC_ARC = YES;
				CLANG_ENABLE_OBJC_WEAK = YES;
				CLANG_WARN_BLOCK_CAPTURE_AUTORELEASING = YES;
				CLANG_WARN_BOOL_CONVERSION = YES;
				CLANG_WARN_COMMA = YES;
				CLANG_WARN_CONSTANT_CONVERSION = YES;
				CLANG_WARN_DEPRECATED_OBJC_IMPLEMENTATIONS = YES;
				CLANG_WARN_DIRECT_OBJC_ISA_USAGE = YES_ERROR;
				CLANG_WARN_DOCUMENTATION_COMMENTS = YES;
				CLANG_WARN_EMPTY_BODY = YES;
				CLANG_WARN_ENUM_CONVERSION = YES;
				CLANG_WARN_INFINITE_RECURSION = YES;
				CLANG_WARN_INT_CONVERSION = YES;
				CLANG_WARN_NON_LITERAL_NULL_CONVERSION = YES;
				CLANG_WARN_OBJC_IMPLICIT_RETAIN_SELF = YES;
				CLANG_WARN_OBJC_LITERAL_CONVERSION = YES;
				CLANG_WARN_OBJC_ROOT_CLASS = YES_ERROR;
				CLANG_WARN_QUOTED_INCLUDE_IN_FRAMEWORK_HEADER = YES;
				CLANG_WARN_RANGE_LOOP_ANALYSIS = YES;
				CLANG_WARN_STRICT_PROTOTYPES = YES;
				CLANG_WARN_SUSPICIOUS_MOVE = YES;
				CLANG_WARN_UNGUARDED_AVAILABILITY = YES_AGGRESSIVE;
				CLANG_WARN_UNREACHABLE_CODE = YES;
				CLANG_WARN__DUPLICATE_METHOD_MATCH = YES;
				COPY_PHASE_STRIP = NO;
				DEBUG_INFORMATION_FORMAT = dwarf;
				ENABLE_STRICT_OBJC_MSGSEND = YES;
				ENABLE_TESTABILITY = YES;
				GCC_C_LANGUAGE_STANDARD = gnu11;
				GCC_DYNAMIC_NO_PIC = NO;
				GCC_NO_COMMON_BLOCKS = YES;
				GCC_OPTIMIZATION_LEVEL = 0;
				GCC_PREPROCESSOR_DEFINITIONS = (
					"DEBUG=1",
					"$(inherited)",
				);
				GCC_WARN_64_TO_32_BIT_CONVERSION = YES;
				GCC_WARN_ABOUT_RETURN_TYPE = YES_ERROR;
				GCC_WARN_UNDECLARED_SELECTOR = YES;
				GCC_WARN_UNINITIALIZED_AUTOS = YES_AGGRESSIVE;
				GCC_WARN_UNUSED_FUNCTION = YES;
				GCC_WARN_UNUSED_VARIABLE = YES;
				MACOSX_DEPLOYMENT_TARGET = 13.1;
				MTL_ENABLE_DEBUG_INFO = INCLUDE_SOURCE;
				MTL_FAST_MATH = YES;
				ONLY_ACTIVE_ARCH = YES;
				SDKROOT = macosx;
				SWIFT_ACTIVE_COMPILATION_CONDITIONS = DEBUG;
				SWIFT_OPTIMIZATION_LEVEL = "-Onone";
			};
			name = Debug;
		};
		07DF438229B1CB10009ED75C /* Release */ = {
			isa = XCBuildConfiguration;
			buildSettings = {
				ALWAYS_SEARCH_USER_PATHS = NO;
				CLANG_ANALYZER_NONNULL = YES;
				CLANG_ANALYZER_NUMBER_OBJECT_CONVERSION = YES_AGGRESSIVE;
				CLANG_CXX_LANGUAGE_STANDARD = "gnu++20";
				CLANG_ENABLE_MODULES = YES;
				CLANG_ENABLE_OBJC_ARC = YES;
				CLANG_ENABLE_OBJC_WEAK = YES;
				CLANG_WARN_BLOCK_CAPTURE_AUTORELEASING = YES;
				CLANG_WARN_BOOL_CONVERSION = YES;
				CLANG_WARN_COMMA = YES;
				CLANG_WARN_CONSTANT_CONVERSION = YES;
				CLANG_WARN_DEPRECATED_OBJC_IMPLEMENTATIONS = YES;
				CLANG_WARN_DIRECT_OBJC_ISA_USAGE = YES_ERROR;
				CLANG_WARN_DOCUMENTATION_COMMENTS = YES;
				CLANG_WARN_EMPTY_BODY = YES;
				CLANG_WARN_ENUM_CONVERSION = YES;
				CLANG_WARN_INFINITE_RECURSION = YES;
				CLANG_WARN_INT_CONVERSION = YES;
				CLANG_WARN_NON_LITERAL_NULL_CONVERSION = YES;
				CLANG_WARN_OBJC_IMPLICIT_RETAIN_SELF = YES;
				CLANG_WARN_OBJC_LITERAL_CONVERSION = YES;
				CLANG_WARN_OBJC_ROOT_CLASS = YES_ERROR;
				CLANG_WARN_QUOTED_INCLUDE_IN_FRAMEWORK_HEADER = YES;
				CLANG_WARN_RANGE_LOOP_ANALYSIS = YES;
				CLANG_WARN_STRICT_PROTOTYPES = YES;
				CLANG_WARN_SUSPICIOUS_MOVE = YES;
				CLANG_WARN_UNGUARDED_AVAILABILITY = YES_AGGRESSIVE;
				CLANG_WARN_UNREACHABLE_CODE = YES;
				CLANG_WARN__DUPLICATE_METHOD_MATCH = YES;
				COPY_PHASE_STRIP = NO;
				DEBUG_INFORMATION_FORMAT = "dwarf-with-dsym";
				ENABLE_NS_ASSERTIONS = NO;
				ENABLE_STRICT_OBJC_MSGSEND = YES;
				GCC_C_LANGUAGE_STANDARD = gnu11;
				GCC_NO_COMMON_BLOCKS = YES;
				GCC_WARN_64_TO_32_BIT_CONVERSION = YES;
				GCC_WARN_ABOUT_RETURN_TYPE = YES_ERROR;
				GCC_WARN_UNDECLARED_SELECTOR = YES;
				GCC_WARN_UNINITIALIZED_AUTOS = YES_AGGRESSIVE;
				GCC_WARN_UNUSED_FUNCTION = YES;
				GCC_WARN_UNUSED_VARIABLE = YES;
				MACOSX_DEPLOYMENT_TARGET = 13.1;
				MTL_ENABLE_DEBUG_INFO = NO;
				MTL_FAST_MATH = YES;
				SDKROOT = macosx;
				SWIFT_COMPILATION_MODE = wholemodule;
				SWIFT_OPTIMIZATION_LEVEL = "-O";
			};
			name = Release;
		};
		07DF438429B1CB10009ED75C /* Debug */ = {
			isa = XCBuildConfiguration;
			buildSettings = {
				ASSETCATALOG_COMPILER_APPICON_NAME = AppIcon;
				ASSETCATALOG_COMPILER_GLOBAL_ACCENT_COLOR_NAME = AccentColor;
				CODE_SIGN_ENTITLEMENTS = myapp/myapp.entitlements;
				CODE_SIGN_STYLE = Automatic;
				COMBINE_HIDPI_IMAGES = YES;
				CURRENT_PROJECT_VERSION = 1;
				DEVELOPMENT_ASSET_PATHS = "\"myapp/Preview Content\"";
				ENABLE_PREVIEWS = YES;
				GENERATE_INFOPLIST_FILE = YES;
				INFOPLIST_KEY_NSHumanReadableCopyright = "";
				LD_RUNPATH_SEARCH_PATHS = (
					"$(inherited)",
					"@executable_path/../Frameworks",
				);
				MARKETING_VERSION = 1.0;
				PRODUCT_BUNDLE_IDENTIFIER = aks.myapp;
				PRODUCT_NAME = "$(TARGET_NAME)";
				SWIFT_EMIT_LOC_STRINGS = YES;
				SWIFT_VERSION = 5.0;
			};
			name = Debug;
		};
		07DF438529B1CB10009ED75C /* Release */ = {
			isa = XCBuildConfiguration;
			buildSettings = {
				ASSETCATALOG_COMPILER_APPICON_NAME = AppIcon;
				ASSETCATALOG_COMPILER_GLOBAL_ACCENT_COLOR_NAME = AccentColor;
				CODE_SIGN_ENTITLEMENTS = myapp/myapp.entitlements;
				CODE_SIGN_STYLE = Automatic;
				COMBINE_HIDPI_IMAGES = YES;
				CURRENT_PROJECT_VERSION = 1;
				DEVELOPMENT_ASSET_PATHS = "\"myapp/Preview Content\"";
				ENABLE_PREVIEWS = YES;
				GENERATE_INFOPLIST_FILE = YES;
				INFOPLIST_KEY_NSHumanReadableCopyright = "";
				LD_RUNPATH_SEARCH_PATHS = (
					"$(inherited)",
					"@executable_path/../Frameworks",
				);
				MARKETING_VERSION = 1.0;
				PRODUCT_BUNDLE_IDENTIFIER = aks.myapp;
				PRODUCT_NAME = "$(TARGET_NAME)";
				SWIFT_EMIT_LOC_STRINGS = YES;
				SWIFT_VERSION = 5.0;
			};
			name = Release;
		};
		07DF438729B1CB10009ED75C /* Debug */ = {
			isa = XCBuildConfiguration;
			buildSettings = {
				ALWAYS_EMBED_SWIFT_STANDARD_LIBRARIES = YES;
				BUNDLE_LOADER = "$(TEST_HOST)";
				CODE_SIGN_STYLE = Automatic;
				CURRENT_PROJECT_VERSION = 1;
				GENERATE_INFOPLIST_FILE = YES;
				MACOSX_DEPLOYMENT_TARGET = 13.1;
				MARKETING_VERSION = 1.0;
				PRODUCT_BUNDLE_IDENTIFIER = aks.myappTests;
				PRODUCT_NAME = "$(TARGET_NAME)";
				SWIFT_EMIT_LOC_STRINGS = NO;
				SWIFT_VERSION = 5.0;
				TEST_HOST = "$(BUILT_PRODUCTS_DIR)/myapp.app/$(BUNDLE_EXECUTABLE_FOLDER_PATH)/myapp";
			};
			name = Debug;
		};
		07DF438829B1CB10009ED75C /* Release */ = {
			isa = XCBuildConfiguration;
			buildSettings = {
				ALWAYS_EMBED_SWIFT_STANDARD_LIBRARIES = YES;
				BUNDLE_LOADER = "$(TEST_HOST)";
				CODE_SIGN_STYLE = Automatic;
				CURRENT_PROJECT_VERSION = 1;
				GENERATE_INFOPLIST_FILE = YES;
				MACOSX_DEPLOYMENT_TARGET = 13.1;
				MARKETING_VERSION = 1.0;
				PRODUCT_BUNDLE_IDENTIFIER = aks.myappTests;
				PRODUCT_NAME = "$(TARGET_NAME)";
				SWIFT_EMIT_LOC_STRINGS = NO;
				SWIFT_VERSION = 5.0;
				TEST_HOST = "$(BUILT_PRODUCTS_DIR)/myapp.app/$(BUNDLE_EXECUTABLE_FOLDER_PATH)/myapp";
			};
			name = Release;
		};
		07DF438A29B1CB10009ED75C /* Debug */ = {
			isa = XCBuildConfiguration;
			buildSettings = {
				ALWAYS_EMBED_SWIFT_STANDARD_LIBRARIES = YES;
				CODE_SIGN_STYLE = Automatic;
				CURRENT_PROJECT_VERSION = 1;
				GENERATE_INFOPLIST_FILE = YES;
				MARKETING_VERSION = 1.0;
				PRODUCT_BUNDLE_IDENTIFIER = aks.myappUITests;
				PRODUCT_NAME = "$(TARGET_NAME)";
				SWIFT_EMIT_LOC_STRINGS = NO;
				SWIFT_VERSION = 5.0;
				TEST_TARGET_NAME = myapp;
			};
			name = Debug;
		};
		07DF438B29B1CB10009ED75C /* Release */ = {
			isa = XCBuildConfiguration;
			buildSettings = {
				ALWAYS_EMBED_SWIFT_STANDARD_LIBRARIES = YES;
				CODE_SIGN_STYLE = Automatic;
				CURRENT_PROJECT_VERSION = 1;
				GENERATE_INFOPLIST_FILE = YES;
				MARKETING_VERSION = 1.0;
				PRODUCT_BUNDLE_IDENTIFIER = aks.myappUITests;
				PRODUCT_NAME = "$(TARGET_NAME)";
				SWIFT_EMIT_LOC_STRINGS = NO;
				SWIFT_VERSION = 5.0;
				TEST_TARGET_NAME = myapp;
			};
			name = Release;
		};
/* End XCBuildConfiguration section */

/* Begin XCConfigurationList section */
		07DF435929B1CB0F009ED75C /* Build configuration list for PBXProject "myapp" */ = {
			isa = XCConfigurationList;
			buildConfigurations = (
				07DF438129B1CB10009ED75C /* Debug */,
				07DF438229B1CB10009ED75C /* Release */,
			);
			defaultConfigurationIsVisible = 0;
			defaultConfigurationName = Release;
		};
		07DF438329B1CB10009ED75C /* Build configuration list for PBXNativeTarget "myapp" */ = {
			isa = XCConfigurationList;
			buildConfigurations = (
				07DF438429B1CB10009ED75C /* Debug */,
				07DF438529B1CB10009ED75C /* Release */,
			);
			defaultConfigurationIsVisible = 0;
			defaultConfigurationName = Release;
		};
		07DF438629B1CB10009ED75C /* Build configuration list for PBXNativeTarget "myappTests" */ = {
			isa = XCConfigurationList;
			buildConfigurations = (
				07DF438729B1CB10009ED75C /* Debug */,
				07DF438829B1CB10009ED75C /* Release */,
			);
			defaultConfigurationIsVisible = 0;
			defaultConfigurationName = Release;
		};
		07DF438929B1CB10009ED75C /* Build configuration list for PBXNativeTarget "myappUITests" */ = {
			isa = XCConfigurationList;
			buildConfigurations = (
				07DF438A29B1CB10009ED75C /* Debug */,
				07DF438B29B1CB10009ED75C /* Release */,
			);
			defaultConfigurationIsVisible = 0;
			defaultConfigurationName = Release;
		};
/* End XCConfigurationList section */
	};
	rootObject = 07DF435629B1CB0F009ED75C /* Project object */;
}
